{
  "name": "systeminfolib",
  "version": "1.0.0",
  "lockfileVersion": 1,
  "requires": true,
  "dependencies": {
    "systeminformation": {
      "version": "4.7.1",
      "resolved": "https://registry.npmjs.org/systeminformation/-/systeminformation-4.7.1.tgz",
      "integrity": "sha512-HrEqfsfKLYazhYX6KwnQXTdrpSyZ8Fi+kczn7+WBTYD1vgvpQFBBrXfnoM6bU5wvan7sE02YOCcvz30xe+qngQ=="
    }
  }
}
